// !$*UTF8*$!
{
	archiveVersion = 1;
	classes = {
	};
	objectVersion = 56;
	objects = {

/* Begin PBXBuildFile section */
		034CA0B9F9E6EA71885D25DE /* Pods_NewsLetterFeedApp.framework in Frameworks */ = {isa = PBXBuildFile; fileRef = DB912377099ED3DA24D58E76 /* Pods_NewsLetterFeedApp.framework */; };
		1BD5E87F2B27BEB100A6E56E /* NewsLetterFeedAppApp.swift in Sources */ = {isa = PBXBuildFile; fileRef = 1BD5E87E2B27BEB100A6E56E /* NewsLetterFeedAppApp.swift */; };
		1BD5E8812B27BEB100A6E56E /* ContentView.swift in Sources */ = {isa = PBXBuildFile; fileRef = 1BD5E8802B27BEB100A6E56E /* ContentView.swift */; };
		1BD5E8832B27BEB400A6E56E /* Assets.xcassets in Resources */ = {isa = PBXBuildFile; fileRef = 1BD5E8822B27BEB400A6E56E /* Assets.xcassets */; };
		1BD5E8862B27BEB400A6E56E /* Preview Assets.xcassets in Resources */ = {isa = PBXBuildFile; fileRef = 1BD5E8852B27BEB400A6E56E /* Preview Assets.xcassets */; };
		1BD5E8932B27C05400A6E56E /* NewsLetterFeedAppTests.swift in Sources */ = {isa = PBXBuildFile; fileRef = 1BD5E8922B27C05400A6E56E /* NewsLetterFeedAppTests.swift */; };
		1BD5E89D2B27C33400A6E56E /* HomeView.swift in Sources */ = {isa = PBXBuildFile; fileRef = 1BD5E89C2B27C33400A6E56E /* HomeView.swift */; };
		1BD5E8A12B27C4B300A6E56E /* AgroView.swift in Sources */ = {isa = PBXBuildFile; fileRef = 1BD5E8A02B27C4B300A6E56E /* AgroView.swift */; };
		1BD5E8A42B27C57900A6E56E /* MenuView.swift in Sources */ = {isa = PBXBuildFile; fileRef = 1BD5E8A32B27C57900A6E56E /* MenuView.swift */; };
		1BE6F8322B28F7A900FE8C47 /* NewsLetterResponse.swift in Sources */ = {isa = PBXBuildFile; fileRef = 1BE6F8312B28F7A900FE8C47 /* NewsLetterResponse.swift */; };
		1BE6F8372B28F99800FE8C47 /* NewsLetterService.swift in Sources */ = {isa = PBXBuildFile; fileRef = 1BE6F8362B28F99800FE8C47 /* NewsLetterService.swift */; };
		1BE6F83A2B28FB3600FE8C47 /* NewsLetterServiceError.swift in Sources */ = {isa = PBXBuildFile; fileRef = 1BE6F8392B28FB3600FE8C47 /* NewsLetterServiceError.swift */; };
		1BE6F83C2B28FD2900FE8C47 /* Constants.swift in Sources */ = {isa = PBXBuildFile; fileRef = 1BE6F83B2B28FD2900FE8C47 /* Constants.swift */; };
		1BE6F83F2B2900BB00FE8C47 /* NewsLetterModel.swift in Sources */ = {isa = PBXBuildFile; fileRef = 1BE6F83E2B2900BB00FE8C47 /* NewsLetterModel.swift */; };
		1BE6F8422B29136400FE8C47 /* NewsComponentView.swift in Sources */ = {isa = PBXBuildFile; fileRef = 1BE6F8412B29136400FE8C47 /* NewsComponentView.swift */; };
		1BF59F122B2BC337009EC1F6 /* WebViewComponent.swift in Sources */ = {isa = PBXBuildFile; fileRef = 1BF59F112B2BC337009EC1F6 /* WebViewComponent.swift */; };
		1BF59F152B2BC8E1009EC1F6 /* Color+Extension.swift in Sources */ = {isa = PBXBuildFile; fileRef = 1BF59F142B2BC8E1009EC1F6 /* Color+Extension.swift */; };
		1BF59F1B2B2BE896009EC1F6 /* CustomNavigationBar.swift in Sources */ = {isa = PBXBuildFile; fileRef = 1BF59F1A2B2BE896009EC1F6 /* CustomNavigationBar.swift */; };
		1BF59F202B2BE8F0009EC1F6 /* View+Extension.swift in Sources */ = {isa = PBXBuildFile; fileRef = 1BF59F1F2B2BE8F0009EC1F6 /* View+Extension.swift */; };
		1BF59F222B2BECA9009EC1F6 /* WebViewContainer.swift in Sources */ = {isa = PBXBuildFile; fileRef = 1BF59F212B2BECA9009EC1F6 /* WebViewContainer.swift */; };
		1BF59F252B2BED5A009EC1F6 /* NewsListView.swift in Sources */ = {isa = PBXBuildFile; fileRef = 1BF59F242B2BED5A009EC1F6 /* NewsListView.swift */; };
		1BF59F282B2BEF17009EC1F6 /* MenuItems.swift in Sources */ = {isa = PBXBuildFile; fileRef = 1BF59F272B2BEF17009EC1F6 /* MenuItems.swift */; };
		1BF59F2A2B2BF00D009EC1F6 /* MenuContentView.swift in Sources */ = {isa = PBXBuildFile; fileRef = 1BF59F292B2BF00D009EC1F6 /* MenuContentView.swift */; };
/* End PBXBuildFile section */

/* Begin PBXContainerItemProxy section */
		1BD5E8942B27C05400A6E56E /* PBXContainerItemProxy */ = {
			isa = PBXContainerItemProxy;
			containerPortal = 1BD5E8732B27BEB100A6E56E /* Project object */;
			proxyType = 1;
			remoteGlobalIDString = 1BD5E87A2B27BEB100A6E56E;
			remoteInfo = NewsLetterFeedApp;
		};
/* End PBXContainerItemProxy section */

/* Begin PBXFileReference section */
		1B6DC2EF2B2B930300CF2514 /* Info.plist */ = {isa = PBXFileReference; lastKnownFileType = text.plist; path = Info.plist; sourceTree = "<group>"; };
		1BD5E87B2B27BEB100A6E56E /* NewsLetterFeedApp.app */ = {isa = PBXFileReference; explicitFileType = wrapper.application; includeInIndex = 0; path = NewsLetterFeedApp.app; sourceTree = BUILT_PRODUCTS_DIR; };
		1BD5E87E2B27BEB100A6E56E /* NewsLetterFeedAppApp.swift */ = {isa = PBXFileReference; lastKnownFileType = sourcecode.swift; path = NewsLetterFeedAppApp.swift; sourceTree = "<group>"; };
		1BD5E8802B27BEB100A6E56E /* ContentView.swift */ = {isa = PBXFileReference; lastKnownFileType = sourcecode.swift; path = ContentView.swift; sourceTree = "<group>"; };
		1BD5E8822B27BEB400A6E56E /* Assets.xcassets */ = {isa = PBXFileReference; lastKnownFileType = folder.assetcatalog; path = Assets.xcassets; sourceTree = "<group>"; };
		1BD5E8852B27BEB400A6E56E /* Preview Assets.xcassets */ = {isa = PBXFileReference; lastKnownFileType = folder.assetcatalog; path = "Preview Assets.xcassets"; sourceTree = "<group>"; };
		1BD5E8902B27C05300A6E56E /* NewsLetterFeedAppTests.xctest */ = {isa = PBXFileReference; explicitFileType = wrapper.cfbundle; includeInIndex = 0; path = NewsLetterFeedAppTests.xctest; sourceTree = BUILT_PRODUCTS_DIR; };
		1BD5E8922B27C05400A6E56E /* NewsLetterFeedAppTests.swift */ = {isa = PBXFileReference; lastKnownFileType = sourcecode.swift; path = NewsLetterFeedAppTests.swift; sourceTree = "<group>"; };
		1BD5E89C2B27C33400A6E56E /* HomeView.swift */ = {isa = PBXFileReference; lastKnownFileType = sourcecode.swift; path = HomeView.swift; sourceTree = "<group>"; };
		1BD5E8A02B27C4B300A6E56E /* AgroView.swift */ = {isa = PBXFileReference; lastKnownFileType = sourcecode.swift; path = AgroView.swift; sourceTree = "<group>"; };
		1BD5E8A32B27C57900A6E56E /* MenuView.swift */ = {isa = PBXFileReference; lastKnownFileType = sourcecode.swift; path = MenuView.swift; sourceTree = "<group>"; };
		1BE6F8312B28F7A900FE8C47 /* NewsLetterResponse.swift */ = {isa = PBXFileReference; lastKnownFileType = sourcecode.swift; path = NewsLetterResponse.swift; sourceTree = "<group>"; };
		1BE6F8362B28F99800FE8C47 /* NewsLetterService.swift */ = {isa = PBXFileReference; lastKnownFileType = sourcecode.swift; path = NewsLetterService.swift; sourceTree = "<group>"; };
		1BE6F8392B28FB3600FE8C47 /* NewsLetterServiceError.swift */ = {isa = PBXFileReference; lastKnownFileType = sourcecode.swift; path = NewsLetterServiceError.swift; sourceTree = "<group>"; };
		1BE6F83B2B28FD2900FE8C47 /* Constants.swift */ = {isa = PBXFileReference; lastKnownFileType = sourcecode.swift; path = Constants.swift; sourceTree = "<group>"; };
		1BE6F83E2B2900BB00FE8C47 /* NewsLetterModel.swift */ = {isa = PBXFileReference; lastKnownFileType = sourcecode.swift; path = NewsLetterModel.swift; sourceTree = "<group>"; };
		1BE6F8412B29136400FE8C47 /* NewsComponentView.swift */ = {isa = PBXFileReference; lastKnownFileType = sourcecode.swift; path = NewsComponentView.swift; sourceTree = "<group>"; };
		1BF59F112B2BC337009EC1F6 /* WebViewComponent.swift */ = {isa = PBXFileReference; lastKnownFileType = sourcecode.swift; path = WebViewComponent.swift; sourceTree = "<group>"; };
		1BF59F142B2BC8E1009EC1F6 /* Color+Extension.swift */ = {isa = PBXFileReference; lastKnownFileType = sourcecode.swift; path = "Color+Extension.swift"; sourceTree = "<group>"; };
		1BF59F1A2B2BE896009EC1F6 /* CustomNavigationBar.swift */ = {isa = PBXFileReference; lastKnownFileType = sourcecode.swift; path = CustomNavigationBar.swift; sourceTree = "<group>"; };
		1BF59F1F2B2BE8F0009EC1F6 /* View+Extension.swift */ = {isa = PBXFileReference; lastKnownFileType = sourcecode.swift; path = "View+Extension.swift"; sourceTree = "<group>"; };
		1BF59F212B2BECA9009EC1F6 /* WebViewContainer.swift */ = {isa = PBXFileReference; lastKnownFileType = sourcecode.swift; path = WebViewContainer.swift; sourceTree = "<group>"; };
		1BF59F242B2BED5A009EC1F6 /* NewsListView.swift */ = {isa = PBXFileReference; lastKnownFileType = sourcecode.swift; path = NewsListView.swift; sourceTree = "<group>"; };
		1BF59F272B2BEF17009EC1F6 /* MenuItems.swift */ = {isa = PBXFileReference; lastKnownFileType = sourcecode.swift; path = MenuItems.swift; sourceTree = "<group>"; };
		1BF59F292B2BF00D009EC1F6 /* MenuContentView.swift */ = {isa = PBXFileReference; lastKnownFileType = sourcecode.swift; path = MenuContentView.swift; sourceTree = "<group>"; };
		3F08830226424D837AE715B6 /* Pods-NewsLetterFeedApp.debug.xcconfig */ = {isa = PBXFileReference; includeInIndex = 1; lastKnownFileType = text.xcconfig; name = "Pods-NewsLetterFeedApp.debug.xcconfig"; path = "Target Support Files/Pods-NewsLetterFeedApp/Pods-NewsLetterFeedApp.debug.xcconfig"; sourceTree = "<group>"; };
		DB912377099ED3DA24D58E76 /* Pods_NewsLetterFeedApp.framework */ = {isa = PBXFileReference; explicitFileType = wrapper.framework; includeInIndex = 0; path = Pods_NewsLetterFeedApp.framework; sourceTree = BUILT_PRODUCTS_DIR; };
		EBC3FB2CEDE978CE362B501E /* Pods-NewsLetterFeedApp.release.xcconfig */ = {isa = PBXFileReference; includeInIndex = 1; lastKnownFileType = text.xcconfig; name = "Pods-NewsLetterFeedApp.release.xcconfig"; path = "Target Support Files/Pods-NewsLetterFeedApp/Pods-NewsLetterFeedApp.release.xcconfig"; sourceTree = "<group>"; };
/* End PBXFileReference section */

/* Begin PBXFrameworksBuildPhase section */
		1BD5E8782B27BEB100A6E56E /* Frameworks */ = {
			isa = PBXFrameworksBuildPhase;
			buildActionMask = 2147483647;
			files = (
				034CA0B9F9E6EA71885D25DE /* Pods_NewsLetterFeedApp.framework in Frameworks */,
			);
			runOnlyForDeploymentPostprocessing = 0;
		};
		1BD5E88D2B27C05300A6E56E /* Frameworks */ = {
			isa = PBXFrameworksBuildPhase;
			buildActionMask = 2147483647;
			files = (
			);
			runOnlyForDeploymentPostprocessing = 0;
		};
/* End PBXFrameworksBuildPhase section */

/* Begin PBXGroup section */
		1BD5E8722B27BEB100A6E56E = {
			isa = PBXGroup;
			children = (
				1BD5E87D2B27BEB100A6E56E /* NewsLetterFeedApp */,
				1BD5E8912B27C05400A6E56E /* NewsLetterFeedAppTests */,
				1BD5E87C2B27BEB100A6E56E /* Products */,
				C53122FFA97BD503F1BA4905 /* Pods */,
				885497359392232D9C160F74 /* Frameworks */,
			);
			sourceTree = "<group>";
		};
		1BD5E87C2B27BEB100A6E56E /* Products */ = {
			isa = PBXGroup;
			children = (
				1BD5E87B2B27BEB100A6E56E /* NewsLetterFeedApp.app */,
				1BD5E8902B27C05300A6E56E /* NewsLetterFeedAppTests.xctest */,
			);
			name = Products;
			sourceTree = "<group>";
		};
		1BD5E87D2B27BEB100A6E56E /* NewsLetterFeedApp */ = {
			isa = PBXGroup;
			children = (
				1BF59F132B2BC8D4009EC1F6 /* Extensions */,
				1B6DC2EF2B2B930300CF2514 /* Info.plist */,
				1BE6F8382B28FB1E00FE8C47 /* Enums */,
				1BE6F8352B28F98200FE8C47 /* Service */,
				1BE6F8342B28F97400FE8C47 /* Views */,
				1BE6F8302B28F73700FE8C47 /* Models */,
				1BD5E87E2B27BEB100A6E56E /* NewsLetterFeedAppApp.swift */,
				1BD5E8802B27BEB100A6E56E /* ContentView.swift */,
				1BD5E8822B27BEB400A6E56E /* Assets.xcassets */,
				1BD5E8842B27BEB400A6E56E /* Preview Content */,
			);
			path = NewsLetterFeedApp;
			sourceTree = "<group>";
		};
		1BD5E8842B27BEB400A6E56E /* Preview Content */ = {
			isa = PBXGroup;
			children = (
				1BD5E8852B27BEB400A6E56E /* Preview Assets.xcassets */,
			);
			path = "Preview Content";
			sourceTree = "<group>";
		};
		1BD5E8912B27C05400A6E56E /* NewsLetterFeedAppTests */ = {
			isa = PBXGroup;
			children = (
				1BD5E8922B27C05400A6E56E /* NewsLetterFeedAppTests.swift */,
			);
			path = NewsLetterFeedAppTests;
			sourceTree = "<group>";
		};
		1BD5E8992B27C2CC00A6E56E /* Home */ = {
			isa = PBXGroup;
			children = (
				1BD5E89C2B27C33400A6E56E /* HomeView.swift */,
			);
			path = Home;
			sourceTree = "<group>";
		};
		1BD5E89F2B27C4A500A6E56E /* Agro */ = {
			isa = PBXGroup;
			children = (
				1BD5E8A02B27C4B300A6E56E /* AgroView.swift */,
			);
			path = Agro;
			sourceTree = "<group>";
		};
		1BD5E8A22B27C56700A6E56E /* Menu */ = {
			isa = PBXGroup;
			children = (
				1BD5E8A32B27C57900A6E56E /* MenuView.swift */,
				1BF59F292B2BF00D009EC1F6 /* MenuContentView.swift */,
			);
			path = Menu;
			sourceTree = "<group>";
		};
		1BE6F8302B28F73700FE8C47 /* Models */ = {
			isa = PBXGroup;
			children = (
				1BE6F8312B28F7A900FE8C47 /* NewsLetterResponse.swift */,
				1BE6F83E2B2900BB00FE8C47 /* NewsLetterModel.swift */,
			);
			path = Models;
			sourceTree = "<group>";
		};
		1BE6F8342B28F97400FE8C47 /* Views */ = {
			isa = PBXGroup;
			children = (
				1BF59F1E2B2BE8C7009EC1F6 /* Pages */,
				1BF59F1C2B2BE8A4009EC1F6 /* Components */,
			);
			path = Views;
			sourceTree = "<group>";
		};
		1BE6F8352B28F98200FE8C47 /* Service */ = {
			isa = PBXGroup;
			children = (
				1BE6F8362B28F99800FE8C47 /* NewsLetterService.swift */,
			);
			path = Service;
			sourceTree = "<group>";
		};
		1BE6F8382B28FB1E00FE8C47 /* Enums */ = {
			isa = PBXGroup;
			children = (
				1BE6F8392B28FB3600FE8C47 /* NewsLetterServiceError.swift */,
				1BE6F83B2B28FD2900FE8C47 /* Constants.swift */,
				1BF59F272B2BEF17009EC1F6 /* MenuItems.swift */,
			);
			path = Enums;
			sourceTree = "<group>";
		};
		1BE6F8402B2912FB00FE8C47 /* NewsComponent */ = {
			isa = PBXGroup;
			children = (
				1BE6F8412B29136400FE8C47 /* NewsComponentView.swift */,
			);
			path = NewsComponent;
			sourceTree = "<group>";
		};
		1BF59F102B2BC31D009EC1F6 /* WebViewComponent */ = {
			isa = PBXGroup;
			children = (
				1BF59F112B2BC337009EC1F6 /* WebViewComponent.swift */,
				1BF59F212B2BECA9009EC1F6 /* WebViewContainer.swift */,
			);
			path = WebViewComponent;
			sourceTree = "<group>";
		};
		1BF59F132B2BC8D4009EC1F6 /* Extensions */ = {
			isa = PBXGroup;
			children = (
				1BF59F142B2BC8E1009EC1F6 /* Color+Extension.swift */,
				1BF59F1F2B2BE8F0009EC1F6 /* View+Extension.swift */,
			);
			path = Extensions;
			sourceTree = "<group>";
		};
		1BF59F192B2BE884009EC1F6 /* CustomNavigationBar */ = {
			isa = PBXGroup;
			children = (
				1BF59F1A2B2BE896009EC1F6 /* CustomNavigationBar.swift */,
			);
			path = CustomNavigationBar;
			sourceTree = "<group>";
		};
		1BF59F1C2B2BE8A4009EC1F6 /* Components */ = {
			isa = PBXGroup;
			children = (
				1BF59F232B2BED48009EC1F6 /* NewsListView */,
				1BE6F8402B2912FB00FE8C47 /* NewsComponent */,
				1BF59F102B2BC31D009EC1F6 /* WebViewComponent */,
				1BF59F192B2BE884009EC1F6 /* CustomNavigationBar */,
			);
			path = Components;
			sourceTree = "<group>";
		};
		1BF59F1E2B2BE8C7009EC1F6 /* Pages */ = {
			isa = PBXGroup;
			children = (
				1BD5E8A22B27C56700A6E56E /* Menu */,
				1BD5E89F2B27C4A500A6E56E /* Agro */,
				1BD5E8992B27C2CC00A6E56E /* Home */,
			);
			path = Pages;
			sourceTree = "<group>";
		};
		1BF59F232B2BED48009EC1F6 /* NewsListView */ = {
			isa = PBXGroup;
			children = (
				1BF59F242B2BED5A009EC1F6 /* NewsListView.swift */,
			);
			path = NewsListView;
			sourceTree = "<group>";
		};
		885497359392232D9C160F74 /* Frameworks */ = {
			isa = PBXGroup;
			children = (
				DB912377099ED3DA24D58E76 /* Pods_NewsLetterFeedApp.framework */,
			);
			name = Frameworks;
			sourceTree = "<group>";
		};
		C53122FFA97BD503F1BA4905 /* Pods */ = {
			isa = PBXGroup;
			children = (
				3F08830226424D837AE715B6 /* Pods-NewsLetterFeedApp.debug.xcconfig */,
				EBC3FB2CEDE978CE362B501E /* Pods-NewsLetterFeedApp.release.xcconfig */,
			);
			path = Pods;
			sourceTree = "<group>";
		};
/* End PBXGroup section */

/* Begin PBXNativeTarget section */
		1BD5E87A2B27BEB100A6E56E /* NewsLetterFeedApp */ = {
			isa = PBXNativeTarget;
			buildConfigurationList = 1BD5E8892B27BEB400A6E56E /* Build configuration list for PBXNativeTarget "NewsLetterFeedApp" */;
			buildPhases = (
				738D3115E9A17D8E099D5F28 /* [CP] Check Pods Manifest.lock */,
				1BD5E8772B27BEB100A6E56E /* Sources */,
				1BD5E8782B27BEB100A6E56E /* Frameworks */,
				1BD5E8792B27BEB100A6E56E /* Resources */,
				A89AD009DD52A16EFB73D7AD /* [CP] Embed Pods Frameworks */,
			);
			buildRules = (
			);
			dependencies = (
			);
			name = NewsLetterFeedApp;
			productName = NewsLetterFeedApp;
			productReference = 1BD5E87B2B27BEB100A6E56E /* NewsLetterFeedApp.app */;
			productType = "com.apple.product-type.application";
		};
		1BD5E88F2B27C05300A6E56E /* NewsLetterFeedAppTests */ = {
			isa = PBXNativeTarget;
			buildConfigurationList = 1BD5E8982B27C05400A6E56E /* Build configuration list for PBXNativeTarget "NewsLetterFeedAppTests" */;
			buildPhases = (
				1BD5E88C2B27C05300A6E56E /* Sources */,
				1BD5E88D2B27C05300A6E56E /* Frameworks */,
				1BD5E88E2B27C05300A6E56E /* Resources */,
			);
			buildRules = (
			);
			dependencies = (
				1BD5E8952B27C05400A6E56E /* PBXTargetDependency */,
			);
			name = NewsLetterFeedAppTests;
			productName = NewsLetterFeedAppTests;
			productReference = 1BD5E8902B27C05300A6E56E /* NewsLetterFeedAppTests.xctest */;
			productType = "com.apple.product-type.bundle.unit-test";
		};
/* End PBXNativeTarget section */

/* Begin PBXProject section */
		1BD5E8732B27BEB100A6E56E /* Project object */ = {
			isa = PBXProject;
			attributes = {
				BuildIndependentTargetsInParallel = 1;
				LastSwiftUpdateCheck = 1500;
				LastUpgradeCheck = 1500;
				TargetAttributes = {
					1BD5E87A2B27BEB100A6E56E = {
						CreatedOnToolsVersion = 15.0.1;
					};
					1BD5E88F2B27C05300A6E56E = {
						CreatedOnToolsVersion = 15.0.1;
						TestTargetID = 1BD5E87A2B27BEB100A6E56E;
					};
				};
			};
			buildConfigurationList = 1BD5E8762B27BEB100A6E56E /* Build configuration list for PBXProject "NewsLetterFeedApp" */;
			compatibilityVersion = "Xcode 14.0";
			developmentRegion = en;
			hasScannedForEncodings = 0;
			knownRegions = (
				en,
				Base,
			);
			mainGroup = 1BD5E8722B27BEB100A6E56E;
			productRefGroup = 1BD5E87C2B27BEB100A6E56E /* Products */;
			projectDirPath = "";
			projectRoot = "";
			targets = (
				1BD5E87A2B27BEB100A6E56E /* NewsLetterFeedApp */,
				1BD5E88F2B27C05300A6E56E /* NewsLetterFeedAppTests */,
			);
		};
/* End PBXProject section */

/* Begin PBXResourcesBuildPhase section */
		1BD5E8792B27BEB100A6E56E /* Resources */ = {
			isa = PBXResourcesBuildPhase;
			buildActionMask = 2147483647;
			files = (
				1BD5E8862B27BEB400A6E56E /* Preview Assets.xcassets in Resources */,
				1BD5E8832B27BEB400A6E56E /* Assets.xcassets in Resources */,
			);
			runOnlyForDeploymentPostprocessing = 0;
		};
		1BD5E88E2B27C05300A6E56E /* Resources */ = {
			isa = PBXResourcesBuildPhase;
			buildActionMask = 2147483647;
			files = (
			);
			runOnlyForDeploymentPostprocessing = 0;
		};
/* End PBXResourcesBuildPhase section */

/* Begin PBXShellScriptBuildPhase section */
		738D3115E9A17D8E099D5F28 /* [CP] Check Pods Manifest.lock */ = {
			isa = PBXShellScriptBuildPhase;
			buildActionMask = 2147483647;
			files = (
			);
			inputFileListPaths = (
			);
			inputPaths = (
				"${PODS_PODFILE_DIR_PATH}/Podfile.lock",
				"${PODS_ROOT}/Manifest.lock",
			);
			name = "[CP] Check Pods Manifest.lock";
			outputFileListPaths = (
			);
			outputPaths = (
				"$(DERIVED_FILE_DIR)/Pods-NewsLetterFeedApp-checkManifestLockResult.txt",
			);
			runOnlyForDeploymentPostprocessing = 0;
			shellPath = /bin/sh;
			shellScript = "diff \"${PODS_PODFILE_DIR_PATH}/Podfile.lock\" \"${PODS_ROOT}/Manifest.lock\" > /dev/null\nif [ $? != 0 ] ; then\n    # print error to STDERR\n    echo \"error: The sandbox is not in sync with the Podfile.lock. Run 'pod install' or update your CocoaPods installation.\" >&2\n    exit 1\nfi\n# This output is used by Xcode 'outputs' to avoid re-running this script phase.\necho \"SUCCESS\" > \"${SCRIPT_OUTPUT_FILE_0}\"\n";
			showEnvVarsInLog = 0;
		};
		A89AD009DD52A16EFB73D7AD /* [CP] Embed Pods Frameworks */ = {
			isa = PBXShellScriptBuildPhase;
			buildActionMask = 2147483647;
			files = (
			);
			inputFileListPaths = (
				"${PODS_ROOT}/Target Support Files/Pods-NewsLetterFeedApp/Pods-NewsLetterFeedApp-frameworks-${CONFIGURATION}-input-files.xcfilelist",
			);
			name = "[CP] Embed Pods Frameworks";
			outputFileListPaths = (
				"${PODS_ROOT}/Target Support Files/Pods-NewsLetterFeedApp/Pods-NewsLetterFeedApp-frameworks-${CONFIGURATION}-output-files.xcfilelist",
			);
			runOnlyForDeploymentPostprocessing = 0;
			shellPath = /bin/sh;
			shellScript = "\"${PODS_ROOT}/Target Support Files/Pods-NewsLetterFeedApp/Pods-NewsLetterFeedApp-frameworks.sh\"\n";
			showEnvVarsInLog = 0;
		};
/* End PBXShellScriptBuildPhase section */

/* Begin PBXSourcesBuildPhase section */
		1BD5E8772B27BEB100A6E56E /* Sources */ = {
			isa = PBXSourcesBuildPhase;
			buildActionMask = 2147483647;
			files = (
				1BE6F8422B29136400FE8C47 /* NewsComponentView.swift in Sources */,
				1BD5E8A42B27C57900A6E56E /* MenuView.swift in Sources */,
				1BE6F8372B28F99800FE8C47 /* NewsLetterService.swift in Sources */,
				1BE6F8322B28F7A900FE8C47 /* NewsLetterResponse.swift in Sources */,
				1BF59F152B2BC8E1009EC1F6 /* Color+Extension.swift in Sources */,
				1BD5E89D2B27C33400A6E56E /* HomeView.swift in Sources */,
				1BF59F1B2B2BE896009EC1F6 /* CustomNavigationBar.swift in Sources */,
				1BF59F202B2BE8F0009EC1F6 /* View+Extension.swift in Sources */,
				1BD5E8A12B27C4B300A6E56E /* AgroView.swift in Sources */,
				1BD5E8812B27BEB100A6E56E /* ContentView.swift in Sources */,
				1BE6F83F2B2900BB00FE8C47 /* NewsLetterModel.swift in Sources */,
				1BD5E87F2B27BEB100A6E56E /* NewsLetterFeedAppApp.swift in Sources */,
				1BF59F122B2BC337009EC1F6 /* WebViewComponent.swift in Sources */,
				1BF59F222B2BECA9009EC1F6 /* WebViewContainer.swift in Sources */,
				1BE6F83A2B28FB3600FE8C47 /* NewsLetterServiceError.swift in Sources */,
				1BF59F2A2B2BF00D009EC1F6 /* MenuContentView.swift in Sources */,
				1BF59F252B2BED5A009EC1F6 /* NewsListView.swift in Sources */,
				1BE6F83C2B28FD2900FE8C47 /* Constants.swift in Sources */,
				1BF59F282B2BEF17009EC1F6 /* MenuItems.swift in Sources */,
			);
			runOnlyForDeploymentPostprocessing = 0;
		};
		1BD5E88C2B27C05300A6E56E /* Sources */ = {
			isa = PBXSourcesBuildPhase;
			buildActionMask = 2147483647;
			files = (
				1BD5E8932B27C05400A6E56E /* NewsLetterFeedAppTests.swift in Sources */,
			);
			runOnlyForDeploymentPostprocessing = 0;
		};
/* End PBXSourcesBuildPhase section */

/* Begin PBXTargetDependency section */
		1BD5E8952B27C05400A6E56E /* PBXTargetDependency */ = {
			isa = PBXTargetDependency;
			target = 1BD5E87A2B27BEB100A6E56E /* NewsLetterFeedApp */;
			targetProxy = 1BD5E8942B27C05400A6E56E /* PBXContainerItemProxy */;
		};
/* End PBXTargetDependency section */

/* Begin XCBuildConfiguration section */
		1BD5E8872B27BEB400A6E56E /* Debug */ = {
			isa = XCBuildConfiguration;
			buildSettings = {
				ALWAYS_SEARCH_USER_PATHS = NO;
				ASSETCATALOG_COMPILER_GENERATE_SWIFT_ASSET_SYMBOL_EXTENSIONS = YES;
				CLANG_ANALYZER_NONNULL = YES;
				CLANG_ANALYZER_NUMBER_OBJECT_CONVERSION = YES_AGGRESSIVE;
				CLANG_CXX_LANGUAGE_STANDARD = "gnu++20";
				CLANG_ENABLE_MODULES = YES;
				CLANG_ENABLE_OBJC_ARC = YES;
				CLANG_ENABLE_OBJC_WEAK = YES;
				CLANG_WARN_BLOCK_CAPTURE_AUTORELEASING = YES;
				CLANG_WARN_BOOL_CONVERSION = YES;
				CLANG_WARN_COMMA = YES;
				CLANG_WARN_CONSTANT_CONVERSION = YES;
				CLANG_WARN_DEPRECATED_OBJC_IMPLEMENTATIONS = YES;
				CLANG_WARN_DIRECT_OBJC_ISA_USAGE = YES_ERROR;
				CLANG_WARN_DOCUMENTATION_COMMENTS = YES;
				CLANG_WARN_EMPTY_BODY = YES;
				CLANG_WARN_ENUM_CONVERSION = YES;
				CLANG_WARN_INFINITE_RECURSION = YES;
				CLANG_WARN_INT_CONVERSION = YES;
				CLANG_WARN_NON_LITERAL_NULL_CONVERSION = YES;
				CLANG_WARN_OBJC_IMPLICIT_RETAIN_SELF = YES;
				CLANG_WARN_OBJC_LITERAL_CONVERSION = YES;
				CLANG_WARN_OBJC_ROOT_CLASS = YES_ERROR;
				CLANG_WARN_QUOTED_INCLUDE_IN_FRAMEWORK_HEADER = YES;
				CLANG_WARN_RANGE_LOOP_ANALYSIS = YES;
				CLANG_WARN_STRICT_PROTOTYPES = YES;
				CLANG_WARN_SUSPICIOUS_MOVE = YES;
				CLANG_WARN_UNGUARDED_AVAILABILITY = YES_AGGRESSIVE;
				CLANG_WARN_UNREACHABLE_CODE = YES;
				CLANG_WARN__DUPLICATE_METHOD_MATCH = YES;
				COPY_PHASE_STRIP = NO;
				DEBUG_INFORMATION_FORMAT = dwarf;
				ENABLE_STRICT_OBJC_MSGSEND = YES;
				ENABLE_TESTABILITY = YES;
				ENABLE_USER_SCRIPT_SANDBOXING = YES;
				GCC_C_LANGUAGE_STANDARD = gnu17;
				GCC_DYNAMIC_NO_PIC = NO;
				GCC_NO_COMMON_BLOCKS = YES;
				GCC_OPTIMIZATION_LEVEL = 0;
				GCC_PREPROCESSOR_DEFINITIONS = (
					"DEBUG=1",
					"$(inherited)",
				);
				GCC_WARN_64_TO_32_BIT_CONVERSION = YES;
				GCC_WARN_ABOUT_RETURN_TYPE = YES_ERROR;
				GCC_WARN_UNDECLARED_SELECTOR = YES;
				GCC_WARN_UNINITIALIZED_AUTOS = YES_AGGRESSIVE;
				GCC_WARN_UNUSED_FUNCTION = YES;
				GCC_WARN_UNUSED_VARIABLE = YES;
				INFOPLIST_KEY_UILaunchScreen_Generation = NO;
				IPHONEOS_DEPLOYMENT_TARGET = 17.0;
				LOCALIZATION_PREFERS_STRING_CATALOGS = YES;
				MTL_ENABLE_DEBUG_INFO = INCLUDE_SOURCE;
				MTL_FAST_MATH = YES;
				ONLY_ACTIVE_ARCH = YES;
				SDKROOT = iphoneos;
				SWIFT_ACTIVE_COMPILATION_CONDITIONS = "DEBUG $(inherited)";
				SWIFT_OPTIMIZATION_LEVEL = "-Onone";
			};
			name = Debug;
		};
		1BD5E8882B27BEB400A6E56E /* Release */ = {
			isa = XCBuildConfiguration;
			buildSettings = {
				ALWAYS_SEARCH_USER_PATHS = NO;
				ASSETCATALOG_COMPILER_GENERATE_SWIFT_ASSET_SYMBOL_EXTENSIONS = YES;
				CLANG_ANALYZER_NONNULL = YES;
				CLANG_ANALYZER_NUMBER_OBJECT_CONVERSION = YES_AGGRESSIVE;
				CLANG_CXX_LANGUAGE_STANDARD = "gnu++20";
				CLANG_ENABLE_MODULES = YES;
				CLANG_ENABLE_OBJC_ARC = YES;
				CLANG_ENABLE_OBJC_WEAK = YES;
				CLANG_WARN_BLOCK_CAPTURE_AUTORELEASING = YES;
				CLANG_WARN_BOOL_CONVERSION = YES;
				CLANG_WARN_COMMA = YES;
				CLANG_WARN_CONSTANT_CONVERSION = YES;
				CLANG_WARN_DEPRECATED_OBJC_IMPLEMENTATIONS = YES;
				CLANG_WARN_DIRECT_OBJC_ISA_USAGE = YES_ERROR;
				CLANG_WARN_DOCUMENTATION_COMMENTS = YES;
				CLANG_WARN_EMPTY_BODY = YES;
				CLANG_WARN_ENUM_CONVERSION = YES;
				CLANG_WARN_INFINITE_RECURSION = YES;
				CLANG_WARN_INT_CONVERSION = YES;
				CLANG_WARN_NON_LITERAL_NULL_CONVERSION = YES;
				CLANG_WARN_OBJC_IMPLICIT_RETAIN_SELF = YES;
				CLANG_WARN_OBJC_LITERAL_CONVERSION = YES;
				CLANG_WARN_OBJC_ROOT_CLASS = YES_ERROR;
				CLANG_WARN_QUOTED_INCLUDE_IN_FRAMEWORK_HEADER = YES;
				CLANG_WARN_RANGE_LOOP_ANALYSIS = YES;
				CLANG_WARN_STRICT_PROTOTYPES = YES;
				CLANG_WARN_SUSPICIOUS_MOVE = YES;
				CLANG_WARN_UNGUARDED_AVAILABILITY = YES_AGGRESSIVE;
				CLANG_WARN_UNREACHABLE_CODE = YES;
				CLANG_WARN__DUPLICATE_METHOD_MATCH = YES;
				COPY_PHASE_STRIP = NO;
				DEBUG_INFORMATION_FORMAT = "dwarf-with-dsym";
				ENABLE_NS_ASSERTIONS = NO;
				ENABLE_STRICT_OBJC_MSGSEND = YES;
				ENABLE_USER_SCRIPT_SANDBOXING = YES;
				GCC_C_LANGUAGE_STANDARD = gnu17;
				GCC_NO_COMMON_BLOCKS = YES;
				GCC_WARN_64_TO_32_BIT_CONVERSION = YES;
				GCC_WARN_ABOUT_RETURN_TYPE = YES_ERROR;
				GCC_WARN_UNDECLARED_SELECTOR = YES;
				GCC_WARN_UNINITIALIZED_AUTOS = YES_AGGRESSIVE;
				GCC_WARN_UNUSED_FUNCTION = YES;
				GCC_WARN_UNUSED_VARIABLE = YES;
				INFOPLIST_KEY_UILaunchScreen_Generation = NO;
				IPHONEOS_DEPLOYMENT_TARGET = 17.0;
				LOCALIZATION_PREFERS_STRING_CATALOGS = YES;
				MTL_ENABLE_DEBUG_INFO = NO;
				MTL_FAST_MATH = YES;
				SDKROOT = iphoneos;
				SWIFT_COMPILATION_MODE = wholemodule;
				VALIDATE_PRODUCT = YES;
			};
			name = Release;
		};
		1BD5E88A2B27BEB400A6E56E /* Debug */ = {
			isa = XCBuildConfiguration;
			baseConfigurationReference = 3F08830226424D837AE715B6 /* Pods-NewsLetterFeedApp.debug.xcconfig */;
			buildSettings = {
				ASSETCATALOG_COMPILER_APPICON_NAME = AppIcon;
				ASSETCATALOG_COMPILER_GLOBAL_ACCENT_COLOR_NAME = AccentColor;
				CODE_SIGN_STYLE = Automatic;
				CURRENT_PROJECT_VERSION = 1;
				DEVELOPMENT_ASSET_PATHS = "\"NewsLetterFeedApp/Preview Content\"";
				ENABLE_PREVIEWS = YES;
				ENABLE_USER_SCRIPT_SANDBOXING = NO;
				GENERATE_INFOPLIST_FILE = YES;
				INFOPLIST_FILE = NewsLetterFeedApp/Info.plist;
				INFOPLIST_KEY_UIApplicationSceneManifest_Generation = YES;
				INFOPLIST_KEY_UIApplicationSupportsIndirectInputEvents = YES;
				INFOPLIST_KEY_UISupportedInterfaceOrientations_iPad = "UIInterfaceOrientationPortrait UIInterfaceOrientationPortraitUpsideDown UIInterfaceOrientationLandscapeLeft UIInterfaceOrientationLandscapeRight";
				INFOPLIST_KEY_UISupportedInterfaceOrientations_iPhone = "UIInterfaceOrientationPortrait UIInterfaceOrientationLandscapeLeft UIInterfaceOrientationLandscapeRight";
				LD_RUNPATH_SEARCH_PATHS = (
					"$(inherited)",
					"@executable_path/Frameworks",
				);
				MARKETING_VERSION = 1.0;
				PRODUCT_BUNDLE_IDENTIFIER = alexandremhm.NewsLetterFeedApp;
				PRODUCT_NAME = "$(TARGET_NAME)";
				SWIFT_EMIT_LOC_STRINGS = YES;
				SWIFT_VERSION = 5.0;
				TARGETED_DEVICE_FAMILY = "1,2";
			};
			name = Debug;
		};
		1BD5E88B2B27BEB400A6E56E /* Release */ = {
			isa = XCBuildConfiguration;
			baseConfigurationReference = EBC3FB2CEDE978CE362B501E /* Pods-NewsLetterFeedApp.release.xcconfig */;
			buildSettings = {
				ASSETCATALOG_COMPILER_APPICON_NAME = AppIcon;
				ASSETCATALOG_COMPILER_GLOBAL_ACCENT_COLOR_NAME = AccentColor;
				CODE_SIGN_STYLE = Automatic;
				CURRENT_PROJECT_VERSION = 1;
				DEVELOPMENT_ASSET_PATHS = "\"NewsLetterFeedApp/Preview Content\"";
				ENABLE_PREVIEWS = YES;
				ENABLE_USER_SCRIPT_SANDBOXING = NO;
				GENERATE_INFOPLIST_FILE = YES;
				INFOPLIST_FILE = NewsLetterFeedApp/Info.plist;
				INFOPLIST_KEY_UIApplicationSceneManifest_Generation = YES;
				INFOPLIST_KEY_UIApplicationSupportsIndirectInputEvents = YES;
				INFOPLIST_KEY_UISupportedInterfaceOrientations_iPad = "UIInterfaceOrientationPortrait UIInterfaceOrientationPortraitUpsideDown UIInterfaceOrientationLandscapeLeft UIInterfaceOrientationLandscapeRight";
				INFOPLIST_KEY_UISupportedInterfaceOrientations_iPhone = "UIInterfaceOrientationPortrait UIInterfaceOrientationLandscapeLeft UIInterfaceOrientationLandscapeRight";
				LD_RUNPATH_SEARCH_PATHS = (
					"$(inherited)",
					"@executable_path/Frameworks",
				);
				MARKETING_VERSION = 1.0;
				PRODUCT_BUNDLE_IDENTIFIER = alexandremhm.NewsLetterFeedApp;
				PRODUCT_NAME = "$(TARGET_NAME)";
				SWIFT_EMIT_LOC_STRINGS = YES;
				SWIFT_VERSION = 5.0;
				TARGETED_DEVICE_FAMILY = "1,2";
			};
			name = Release;
		};
		1BD5E8962B27C05400A6E56E /* Debug */ = {
			isa = XCBuildConfiguration;
			buildSettings = {
				BUNDLE_LOADER = "$(TEST_HOST)";
				CODE_SIGN_STYLE = Automatic;
				CURRENT_PROJECT_VERSION = 1;
				GENERATE_INFOPLIST_FILE = YES;
				MARKETING_VERSION = 1.0;
				PRODUCT_BUNDLE_IDENTIFIER = alexandremhm.NewsLetterFeedAppTests;
				PRODUCT_NAME = "$(TARGET_NAME)";
				SWIFT_EMIT_LOC_STRINGS = NO;
				SWIFT_VERSION = 5.0;
				TARGETED_DEVICE_FAMILY = "1,2";
				TEST_HOST = "$(BUILT_PRODUCTS_DIR)/NewsLetterFeedApp.app/$(BUNDLE_EXECUTABLE_FOLDER_PATH)/NewsLetterFeedApp";
			};
			name = Debug;
		};
		1BD5E8972B27C05400A6E56E /* Release */ = {
			isa = XCBuildConfiguration;
			buildSettings = {
				BUNDLE_LOADER = "$(TEST_HOST)";
				CODE_SIGN_STYLE = Automatic;
				CURRENT_PROJECT_VERSION = 1;
				GENERATE_INFOPLIST_FILE = YES;
				MARKETING_VERSION = 1.0;
				PRODUCT_BUNDLE_IDENTIFIER = alexandremhm.NewsLetterFeedAppTests;
				PRODUCT_NAME = "$(TARGET_NAME)";
				SWIFT_EMIT_LOC_STRINGS = NO;
				SWIFT_VERSION = 5.0;
				TARGETED_DEVICE_FAMILY = "1,2";
				TEST_HOST = "$(BUILT_PRODUCTS_DIR)/NewsLetterFeedApp.app/$(BUNDLE_EXECUTABLE_FOLDER_PATH)/NewsLetterFeedApp";
			};
			name = Release;
		};
/* End XCBuildConfiguration section */

/* Begin XCConfigurationList section */
		1BD5E8762B27BEB100A6E56E /* Build configuration list for PBXProject "NewsLetterFeedApp" */ = {
			isa = XCConfigurationList;
			buildConfigurations = (
				1BD5E8872B27BEB400A6E56E /* Debug */,
				1BD5E8882B27BEB400A6E56E /* Release */,
			);
			defaultConfigurationIsVisible = 0;
			defaultConfigurationName = Release;
		};
		1BD5E8892B27BEB400A6E56E /* Build configuration list for PBXNativeTarget "NewsLetterFeedApp" */ = {
			isa = XCConfigurationList;
			buildConfigurations = (
				1BD5E88A2B27BEB400A6E56E /* Debug */,
				1BD5E88B2B27BEB400A6E56E /* Release */,
			);
			defaultConfigurationIsVisible = 0;
			defaultConfigurationName = Release;
		};
		1BD5E8982B27C05400A6E56E /* Build configuration list for PBXNativeTarget "NewsLetterFeedAppTests" */ = {
			isa = XCConfigurationList;
			buildConfigurations = (
				1BD5E8962B27C05400A6E56E /* Debug */,
				1BD5E8972B27C05400A6E56E /* Release */,
			);
			defaultConfigurationIsVisible = 0;
			defaultConfigurationName = Release;
		};
/* End XCConfigurationList section */
	};
	rootObject = 1BD5E8732B27BEB100A6E56E /* Project object */;
}
